// !$*UTF8*$!
{
	archiveVersion = 1;
	classes = {
	};
	objectVersion = 55;
	objects = {

/* Begin PBXBuildFile section */
		68470903288DD0640098539F /* PokemonDetailedVC.swift in Sources */ = {isa = PBXBuildFile; fileRef = 68470902288DD0640098539F /* PokemonDetailedVC.swift */; };
		68848B71288A998000EA9872 /* AppDelegate.swift in Sources */ = {isa = PBXBuildFile; fileRef = 68848B70288A998000EA9872 /* AppDelegate.swift */; };
		68848B7A288A998000EA9872 /* Assets.xcassets in Resources */ = {isa = PBXBuildFile; fileRef = 68848B79288A998000EA9872 /* Assets.xcassets */; };
		68848B7D288A998000EA9872 /* LaunchScreen.storyboard in Resources */ = {isa = PBXBuildFile; fileRef = 68848B7B288A998000EA9872 /* LaunchScreen.storyboard */; };
		68848B87288AA0C000EA9872 /* PokedexVC.swift in Sources */ = {isa = PBXBuildFile; fileRef = 68848B86288AA0C000EA9872 /* PokedexVC.swift */; };
		68848B89288AC27B00EA9872 /* PokedexRow.swift in Sources */ = {isa = PBXBuildFile; fileRef = 68848B88288AC27B00EA9872 /* PokedexRow.swift */; };
		68848B8E288ACD9100EA9872 /* NetworkService.swift in Sources */ = {isa = PBXBuildFile; fileRef = 68848B8D288ACD9100EA9872 /* NetworkService.swift */; };
		68848B95288ACDCE00EA9872 /* Pokemon+Moves.swift in Sources */ = {isa = PBXBuildFile; fileRef = 68848B8F288ACDCE00EA9872 /* Pokemon+Moves.swift */; };
		68848B96288ACDCE00EA9872 /* Pokemon+Equatable.swift in Sources */ = {isa = PBXBuildFile; fileRef = 68848B90288ACDCE00EA9872 /* Pokemon+Equatable.swift */; };
		68848B97288ACDCE00EA9872 /* Pokemon.swift in Sources */ = {isa = PBXBuildFile; fileRef = 68848B91288ACDCE00EA9872 /* Pokemon.swift */; };
		68848B98288ACDCE00EA9872 /* Pokemon+Sprites.swift in Sources */ = {isa = PBXBuildFile; fileRef = 68848B92288ACDCE00EA9872 /* Pokemon+Sprites.swift */; };
		68848B99288ACDCE00EA9872 /* PokemonIndex.swift in Sources */ = {isa = PBXBuildFile; fileRef = 68848B93288ACDCE00EA9872 /* PokemonIndex.swift */; };
		68848B9A288ACDCE00EA9872 /* PokemonIndex+Anchor.swift in Sources */ = {isa = PBXBuildFile; fileRef = 68848B94288ACDCE00EA9872 /* PokemonIndex+Anchor.swift */; };
		68848B9C288ACE4100EA9872 /* PokemonManager.swift in Sources */ = {isa = PBXBuildFile; fileRef = 68848B9B288ACE4100EA9872 /* PokemonManager.swift */; };
		68848B9E288AD40100EA9872 /* View+Pin.swift in Sources */ = {isa = PBXBuildFile; fileRef = 68848B9D288AD40100EA9872 /* View+Pin.swift */; };
/* End PBXBuildFile section */

/* Begin PBXFileReference section */
		68470902288DD0640098539F /* PokemonDetailedVC.swift */ = {isa = PBXFileReference; lastKnownFileType = sourcecode.swift; path = PokemonDetailedVC.swift; sourceTree = "<group>"; };
		68848B6D288A998000EA9872 /* Pokemon.app */ = {isa = PBXFileReference; explicitFileType = wrapper.application; includeInIndex = 0; path = Pokemon.app; sourceTree = BUILT_PRODUCTS_DIR; };
		68848B70288A998000EA9872 /* AppDelegate.swift */ = {isa = PBXFileReference; lastKnownFileType = sourcecode.swift; path = AppDelegate.swift; sourceTree = "<group>"; };
		68848B79288A998000EA9872 /* Assets.xcassets */ = {isa = PBXFileReference; lastKnownFileType = folder.assetcatalog; path = Assets.xcassets; sourceTree = "<group>"; };
		68848B7C288A998000EA9872 /* Base */ = {isa = PBXFileReference; lastKnownFileType = file.storyboard; name = Base; path = Base.lproj/LaunchScreen.storyboard; sourceTree = "<group>"; };
		68848B7E288A998000EA9872 /* Info.plist */ = {isa = PBXFileReference; lastKnownFileType = text.plist.xml; path = Info.plist; sourceTree = "<group>"; };
		68848B86288AA0C000EA9872 /* PokedexVC.swift */ = {isa = PBXFileReference; lastKnownFileType = sourcecode.swift; path = PokedexVC.swift; sourceTree = "<group>"; };
		68848B88288AC27B00EA9872 /* PokedexRow.swift */ = {isa = PBXFileReference; lastKnownFileType = sourcecode.swift; path = PokedexRow.swift; sourceTree = "<group>"; };
		68848B8D288ACD9100EA9872 /* NetworkService.swift */ = {isa = PBXFileReference; lastKnownFileType = sourcecode.swift; path = NetworkService.swift; sourceTree = "<group>"; };
		68848B8F288ACDCE00EA9872 /* Pokemon+Moves.swift */ = {isa = PBXFileReference; fileEncoding = 4; lastKnownFileType = sourcecode.swift; path = "Pokemon+Moves.swift"; sourceTree = "<group>"; };
		68848B90288ACDCE00EA9872 /* Pokemon+Equatable.swift */ = {isa = PBXFileReference; fileEncoding = 4; lastKnownFileType = sourcecode.swift; path = "Pokemon+Equatable.swift"; sourceTree = "<group>"; };
		68848B91288ACDCE00EA9872 /* Pokemon.swift */ = {isa = PBXFileReference; fileEncoding = 4; lastKnownFileType = sourcecode.swift; path = Pokemon.swift; sourceTree = "<group>"; };
		68848B92288ACDCE00EA9872 /* Pokemon+Sprites.swift */ = {isa = PBXFileReference; fileEncoding = 4; lastKnownFileType = sourcecode.swift; path = "Pokemon+Sprites.swift"; sourceTree = "<group>"; };
		68848B93288ACDCE00EA9872 /* PokemonIndex.swift */ = {isa = PBXFileReference; fileEncoding = 4; lastKnownFileType = sourcecode.swift; path = PokemonIndex.swift; sourceTree = "<group>"; };
		68848B94288ACDCE00EA9872 /* PokemonIndex+Anchor.swift */ = {isa = PBXFileReference; fileEncoding = 4; lastKnownFileType = sourcecode.swift; path = "PokemonIndex+Anchor.swift"; sourceTree = "<group>"; };
		68848B9B288ACE4100EA9872 /* PokemonManager.swift */ = {isa = PBXFileReference; lastKnownFileType = sourcecode.swift; path = PokemonManager.swift; sourceTree = "<group>"; };
		68848B9D288AD40100EA9872 /* View+Pin.swift */ = {isa = PBXFileReference; lastKnownFileType = sourcecode.swift; path = "View+Pin.swift"; sourceTree = "<group>"; };
/* End PBXFileReference section */

/* Begin PBXFrameworksBuildPhase section */
		68848B6A288A998000EA9872 /* Frameworks */ = {
			isa = PBXFrameworksBuildPhase;
			buildActionMask = 2147483647;
			files = (
			);
			runOnlyForDeploymentPostprocessing = 0;
		};
/* End PBXFrameworksBuildPhase section */

/* Begin PBXGroup section */
		68298EA1288C6F6800602F5B /* Services */ = {
			isa = PBXGroup;
			children = (
				68848B8D288ACD9100EA9872 /* NetworkService.swift */,
			);
			path = Services;
			sourceTree = "<group>";
		};
		68848B64288A998000EA9872 = {
			isa = PBXGroup;
			children = (
				68848B6F288A998000EA9872 /* Pokemon */,
				68848B6E288A998000EA9872 /* Products */,
			);
			sourceTree = "<group>";
		};
		68848B6E288A998000EA9872 /* Products */ = {
			isa = PBXGroup;
			children = (
				68848B6D288A998000EA9872 /* Pokemon.app */,
			);
			name = Products;
			sourceTree = "<group>";
		};
		68848B6F288A998000EA9872 /* Pokemon */ = {
			isa = PBXGroup;
			children = (
				68848B70288A998000EA9872 /* AppDelegate.swift */,
				68848B8C288ACD6100EA9872 /* Models */,
				68848B8A288ACD5000EA9872 /* Views */,
				68848B8B288ACD5900EA9872 /* Controllers */,
				68848B9F288AD40400EA9872 /* Extensions */,
				68298EA1288C6F6800602F5B /* Services */,
				68848B79288A998000EA9872 /* Assets.xcassets */,
				68848B7B288A998000EA9872 /* LaunchScreen.storyboard */,
				68848B7E288A998000EA9872 /* Info.plist */,
			);
			path = Pokemon;
			sourceTree = "<group>";
		};
		68848B8A288ACD5000EA9872 /* Views */ = {
			isa = PBXGroup;
			children = (
				68848B86288AA0C000EA9872 /* PokedexVC.swift */,
				68848B88288AC27B00EA9872 /* PokedexRow.swift */,
				68470902288DD0640098539F /* PokemonDetailedVC.swift */,
			);
			path = Views;
			sourceTree = "<group>";
		};
		68848B8B288ACD5900EA9872 /* Controllers */ = {
			isa = PBXGroup;
			children = (
				68848B9B288ACE4100EA9872 /* PokemonManager.swift */,
			);
			path = Controllers;
			sourceTree = "<group>";
		};
		68848B8C288ACD6100EA9872 /* Models */ = {
			isa = PBXGroup;
			children = (
				68848B91288ACDCE00EA9872 /* Pokemon.swift */,
				68848B90288ACDCE00EA9872 /* Pokemon+Equatable.swift */,
				68848B8F288ACDCE00EA9872 /* Pokemon+Moves.swift */,
				68848B92288ACDCE00EA9872 /* Pokemon+Sprites.swift */,
				68848B93288ACDCE00EA9872 /* PokemonIndex.swift */,
				68848B94288ACDCE00EA9872 /* PokemonIndex+Anchor.swift */,
			);
			path = Models;
			sourceTree = "<group>";
		};
		68848B9F288AD40400EA9872 /* Extensions */ = {
			isa = PBXGroup;
			children = (
				68848B9D288AD40100EA9872 /* View+Pin.swift */,
			);
			path = Extensions;
			sourceTree = "<group>";
		};
/* End PBXGroup section */

/* Begin PBXNativeTarget section */
		68848B6C288A998000EA9872 /* Pokemon */ = {
			isa = PBXNativeTarget;
			buildConfigurationList = 68848B81288A998000EA9872 /* Build configuration list for PBXNativeTarget "Pokemon" */;
			buildPhases = (
				68848B69288A998000EA9872 /* Sources */,
				68848B6A288A998000EA9872 /* Frameworks */,
				68848B6B288A998000EA9872 /* Resources */,
			);
			buildRules = (
			);
			dependencies = (
			);
			name = Pokemon;
			productName = Pokemon;
			productReference = 68848B6D288A998000EA9872 /* Pokemon.app */;
			productType = "com.apple.product-type.application";
		};
/* End PBXNativeTarget section */

/* Begin PBXProject section */
		68848B65288A998000EA9872 /* Project object */ = {
			isa = PBXProject;
			attributes = {
				BuildIndependentTargetsInParallel = 1;
				LastSwiftUpdateCheck = 1340;
				LastUpgradeCheck = 1340;
				TargetAttributes = {
					68848B6C288A998000EA9872 = {
						CreatedOnToolsVersion = 13.4.1;
					};
				};
			};
			buildConfigurationList = 68848B68288A998000EA9872 /* Build configuration list for PBXProject "Pokemon" */;
			compatibilityVersion = "Xcode 13.0";
			developmentRegion = en;
			hasScannedForEncodings = 0;
			knownRegions = (
				en,
				Base,
			);
			mainGroup = 68848B64288A998000EA9872;
			productRefGroup = 68848B6E288A998000EA9872 /* Products */;
			projectDirPath = "";
			projectRoot = "";
			targets = (
				68848B6C288A998000EA9872 /* Pokemon */,
			);
		};
/* End PBXProject section */

/* Begin PBXResourcesBuildPhase section */
		68848B6B288A998000EA9872 /* Resources */ = {
			isa = PBXResourcesBuildPhase;
			buildActionMask = 2147483647;
			files = (
				68848B7D288A998000EA9872 /* LaunchScreen.storyboard in Resources */,
				68848B7A288A998000EA9872 /* Assets.xcassets in Resources */,
			);
			runOnlyForDeploymentPostprocessing = 0;
		};
/* End PBXResourcesBuildPhase section */

/* Begin PBXSourcesBuildPhase section */
		68848B69288A998000EA9872 /* Sources */ = {
			isa = PBXSourcesBuildPhase;
			buildActionMask = 2147483647;
			files = (
				68848B97288ACDCE00EA9872 /* Pokemon.swift in Sources */,
				68848B89288AC27B00EA9872 /* PokedexRow.swift in Sources */,
				68848B9E288AD40100EA9872 /* View+Pin.swift in Sources */,
				68848B87288AA0C000EA9872 /* PokedexVC.swift in Sources */,
				68848B96288ACDCE00EA9872 /* Pokemon+Equatable.swift in Sources */,
				68848B9C288ACE4100EA9872 /* PokemonManager.swift in Sources */,
				68848B8E288ACD9100EA9872 /* NetworkService.swift in Sources */,
				68848B99288ACDCE00EA9872 /* PokemonIndex.swift in Sources */,
				68848B71288A998000EA9872 /* AppDelegate.swift in Sources */,
				68848B9A288ACDCE00EA9872 /* PokemonIndex+Anchor.swift in Sources */,
				68848B98288ACDCE00EA9872 /* Pokemon+Sprites.swift in Sources */,
				68470903288DD0640098539F /* PokemonDetailedVC.swift in Sources */,
				68848B95288ACDCE00EA9872 /* Pokemon+Moves.swift in Sources */,
			);
			runOnlyForDeploymentPostprocessing = 0;
		};
/* End PBXSourcesBuildPhase section */

/* Begin PBXVariantGroup section */
		68848B7B288A998000EA9872 /* LaunchScreen.storyboard */ = {
			isa = PBXVariantGroup;
			children = (
				68848B7C288A998000EA9872 /* Base */,
			);
			name = LaunchScreen.storyboard;
			sourceTree = "<group>";
		};
/* End PBXVariantGroup section */

/* Begin XCBuildConfiguration section */
		68848B7F288A998000EA9872 /* Debug */ = {
			isa = XCBuildConfiguration;
			buildSettings = {
				ALWAYS_SEARCH_USER_PATHS = NO;
				CLANG_ANALYZER_NONNULL = YES;
				CLANG_ANALYZER_NUMBER_OBJECT_CONVERSION = YES_AGGRESSIVE;
				CLANG_CXX_LANGUAGE_STANDARD = "gnu++17";
				CLANG_ENABLE_MODULES = YES;
				CLANG_ENABLE_OBJC_ARC = YES;
				CLANG_ENABLE_OBJC_WEAK = YES;
				CLANG_WARN_BLOCK_CAPTURE_AUTORELEASING = YES;
				CLANG_WARN_BOOL_CONVERSION = YES;
				CLANG_WARN_COMMA = YES;
				CLANG_WARN_CONSTANT_CONVERSION = YES;
				CLANG_WARN_DEPRECATED_OBJC_IMPLEMENTATIONS = YES;
				CLANG_WARN_DIRECT_OBJC_ISA_USAGE = YES_ERROR;
				CLANG_WARN_DOCUMENTATION_COMMENTS = YES;
				CLANG_WARN_EMPTY_BODY = YES;
				CLANG_WARN_ENUM_CONVERSION = YES;
				CLANG_WARN_INFINITE_RECURSION = YES;
				CLANG_WARN_INT_CONVERSION = YES;
				CLANG_WARN_NON_LITERAL_NULL_CONVERSION = YES;
				CLANG_WARN_OBJC_IMPLICIT_RETAIN_SELF = YES;
				CLANG_WARN_OBJC_LITERAL_CONVERSION = YES;
				CLANG_WARN_OBJC_ROOT_CLASS = YES_ERROR;
				CLANG_WARN_QUOTED_INCLUDE_IN_FRAMEWORK_HEADER = YES;
				CLANG_WARN_RANGE_LOOP_ANALYSIS = YES;
				CLANG_WARN_STRICT_PROTOTYPES = YES;
				CLANG_WARN_SUSPICIOUS_MOVE = YES;
				CLANG_WARN_UNGUARDED_AVAILABILITY = YES_AGGRESSIVE;
				CLANG_WARN_UNREACHABLE_CODE = YES;
				CLANG_WARN__DUPLICATE_METHOD_MATCH = YES;
				COPY_PHASE_STRIP = NO;
				DEBUG_INFORMATION_FORMAT = dwarf;
				ENABLE_STRICT_OBJC_MSGSEND = YES;
				ENABLE_TESTABILITY = YES;
				GCC_C_LANGUAGE_STANDARD = gnu11;
				GCC_DYNAMIC_NO_PIC = NO;
				GCC_NO_COMMON_BLOCKS = YES;
				GCC_OPTIMIZATION_LEVEL = 0;
				GCC_PREPROCESSOR_DEFINITIONS = (
					"DEBUG=1",
					"$(inherited)",
				);
				GCC_WARN_64_TO_32_BIT_CONVERSION = YES;
				GCC_WARN_ABOUT_RETURN_TYPE = YES_ERROR;
				GCC_WARN_UNDECLARED_SELECTOR = YES;
				GCC_WARN_UNINITIALIZED_AUTOS = YES_AGGRESSIVE;
				GCC_WARN_UNUSED_FUNCTION = YES;
				GCC_WARN_UNUSED_VARIABLE = YES;
				IPHONEOS_DEPLOYMENT_TARGET = 15.5;
				MTL_ENABLE_DEBUG_INFO = INCLUDE_SOURCE;
				MTL_FAST_MATH = YES;
				ONLY_ACTIVE_ARCH = YES;
				SDKROOT = iphoneos;
				SWIFT_ACTIVE_COMPILATION_CONDITIONS = DEBUG;
				SWIFT_OPTIMIZATION_LEVEL = "-Onone";
			};
			name = Debug;
		};
		68848B80288A998000EA9872 /* Release */ = {
			isa = XCBuildConfiguration;
			buildSettings = {
				ALWAYS_SEARCH_USER_PATHS = NO;
				CLANG_ANALYZER_NONNULL = YES;
				CLANG_ANALYZER_NUMBER_OBJECT_CONVERSION = YES_AGGRESSIVE;
				CLANG_CXX_LANGUAGE_STANDARD = "gnu++17";
				CLANG_ENABLE_MODULES = YES;
				CLANG_ENABLE_OBJC_ARC = YES;
				CLANG_ENABLE_OBJC_WEAK = YES;
				CLANG_WARN_BLOCK_CAPTURE_AUTORELEASING = YES;
				CLANG_WARN_BOOL_CONVERSION = YES;
				CLANG_WARN_COMMA = YES;
				CLANG_WARN_CONSTANT_CONVERSION = YES;
				CLANG_WARN_DEPRECATED_OBJC_IMPLEMENTATIONS = YES;
				CLANG_WARN_DIRECT_OBJC_ISA_USAGE = YES_ERROR;
				CLANG_WARN_DOCUMENTATION_COMMENTS = YES;
				CLANG_WARN_EMPTY_BODY = YES;
				CLANG_WARN_ENUM_CONVERSION = YES;
				CLANG_WARN_INFINITE_RECURSION = YES;
				CLANG_WARN_INT_CONVERSION = YES;
				CLANG_WARN_NON_LITERAL_NULL_CONVERSION = YES;
				CLANG_WARN_OBJC_IMPLICIT_RETAIN_SELF = YES;
				CLANG_WARN_OBJC_LITERAL_CONVERSION = YES;
				CLANG_WARN_OBJC_ROOT_CLASS = YES_ERROR;
				CLANG_WARN_QUOTED_INCLUDE_IN_FRAMEWORK_HEADER = YES;
				CLANG_WARN_RANGE_LOOP_ANALYSIS = YES;
				CLANG_WARN_STRICT_PROTOTYPES = YES;
				CLANG_WARN_SUSPICIOUS_MOVE = YES;
				CLANG_WARN_UNGUARDED_AVAILABILITY = YES_AGGRESSIVE;
				CLANG_WARN_UNREACHABLE_CODE = YES;
				CLANG_WARN__DUPLICATE_METHOD_MATCH = YES;
				COPY_PHASE_STRIP = NO;
				DEBUG_INFORMATION_FORMAT = "dwarf-with-dsym";
				ENABLE_NS_ASSERTIONS = NO;
				ENABLE_STRICT_OBJC_MSGSEND = YES;
				GCC_C_LANGUAGE_STANDARD = gnu11;
				GCC_NO_COMMON_BLOCKS = YES;
				GCC_WARN_64_TO_32_BIT_CONVERSION = YES;
				GCC_WARN_ABOUT_RETURN_TYPE = YES_ERROR;
				GCC_WARN_UNDECLARED_SELECTOR = YES;
				GCC_WARN_UNINITIALIZED_AUTOS = YES_AGGRESSIVE;
				GCC_WARN_UNUSED_FUNCTION = YES;
				GCC_WARN_UNUSED_VARIABLE = YES;
				IPHONEOS_DEPLOYMENT_TARGET = 15.5;
				MTL_ENABLE_DEBUG_INFO = NO;
				MTL_FAST_MATH = YES;
				SDKROOT = iphoneos;
				SWIFT_COMPILATION_MODE = wholemodule;
				SWIFT_OPTIMIZATION_LEVEL = "-O";
				VALIDATE_PRODUCT = YES;
			};
			name = Release;
		};
		68848B82288A998000EA9872 /* Debug */ = {
			isa = XCBuildConfiguration;
			buildSettings = {
				ASSETCATALOG_COMPILER_APPICON_NAME = AppIcon;
				ASSETCATALOG_COMPILER_GLOBAL_ACCENT_COLOR_NAME = AccentColor;
				CODE_SIGN_STYLE = Automatic;
				CURRENT_PROJECT_VERSION = 1;
				DEVELOPMENT_TEAM = 692TRV33XY;
				GENERATE_INFOPLIST_FILE = YES;
				INFOPLIST_FILE = Pokemon/Info.plist;
				INFOPLIST_KEY_UIApplicationSupportsIndirectInputEvents = YES;
				INFOPLIST_KEY_UILaunchStoryboardName = LaunchScreen;
				INFOPLIST_KEY_UISupportedInterfaceOrientations = UIInterfaceOrientationPortrait;
				INFOPLIST_KEY_UISupportedInterfaceOrientations_iPhone = UIInterfaceOrientationPortrait;
				IPHONEOS_DEPLOYMENT_TARGET = 15.0;
				LD_RUNPATH_SEARCH_PATHS = (
					"$(inherited)",
					"@executable_path/Frameworks",
				);
				MARKETING_VERSION = 1.0;
				PRODUCT_BUNDLE_IDENTIFIER = com.apemaia99.Pokemon;
				PRODUCT_NAME = "$(TARGET_NAME)";
				SWIFT_EMIT_LOC_STRINGS = YES;
				SWIFT_VERSION = 5.0;
				TARGETED_DEVICE_FAMILY = 1;
			};
			name = Debug;
		};
		68848B83288A998000EA9872 /* Release */ = {
			isa = XCBuildConfiguration;
			buildSettings = {
				ASSETCATALOG_COMPILER_APPICON_NAME = AppIcon;
				ASSETCATALOG_COMPILER_GLOBAL_ACCENT_COLOR_NAME = AccentColor;
				CODE_SIGN_STYLE = Automatic;
				CURRENT_PROJECT_VERSION = 1;
				DEVELOPMENT_TEAM = 692TRV33XY;
				GENERATE_INFOPLIST_FILE = YES;
				INFOPLIST_FILE = Pokemon/Info.plist;
				INFOPLIST_KEY_UIApplicationSupportsIndirectInputEvents = YES;
				INFOPLIST_KEY_UILaunchStoryboardName = LaunchScreen;
				INFOPLIST_KEY_UISupportedInterfaceOrientations = UIInterfaceOrientationPortrait;
				INFOPLIST_KEY_UISupportedInterfaceOrientations_iPhone = UIInterfaceOrientationPortrait;
				IPHONEOS_DEPLOYMENT_TARGET = 15.0;
				LD_RUNPATH_SEARCH_PATHS = (
					"$(inherited)",
					"@executable_path/Frameworks",
				);
				MARKETING_VERSION = 1.0;
				PRODUCT_BUNDLE_IDENTIFIER = com.apemaia99.Pokemon;
				PRODUCT_NAME = "$(TARGET_NAME)";
				SWIFT_EMIT_LOC_STRINGS = YES;
				SWIFT_VERSION = 5.0;
				TARGETED_DEVICE_FAMILY = 1;
			};
			name = Release;
		};
/* End XCBuildConfiguration section */

/* Begin XCConfigurationList section */
		68848B68288A998000EA9872 /* Build configuration list for PBXProject "Pokemon" */ = {
			isa = XCConfigurationList;
			buildConfigurations = (
				68848B7F288A998000EA9872 /* Debug */,
				68848B80288A998000EA9872 /* Release */,
			);
			defaultConfigurationIsVisible = 0;
			defaultConfigurationName = Release;
		};
		68848B81288A998000EA9872 /* Build configuration list for PBXNativeTarget "Pokemon" */ = {
			isa = XCConfigurationList;
			buildConfigurations = (
				68848B82288A998000EA9872 /* Debug */,
				68848B83288A998000EA9872 /* Release */,
			);
			defaultConfigurationIsVisible = 0;
			defaultConfigurationName = Release;
		};
/* End XCConfigurationList section */
	};
	rootObject = 68848B65288A998000EA9872 /* Project object */;
}
